{
  "version": 4,
  "terraform_version": "1.7.3",
  "serial": 26,
  "lineage": "27e72742-4bdf-01af-d2c0-c14603cadb4d",
  "outputs": {
    "web_app_ips": {
      "value": "20.238.219.159,20.238.219.235,20.31.145.63,20.238.220.98,20.238.220.123,20.238.221.15,20.103.134.51,20.31.146.226,20.31.146.232,20.31.147.160,20.103.129.44,20.31.148.85,20.105.216.35",
      "type": "string"
    },
    "web_app_url": {
      "value": "kristiyanpisevurlshortener.azurewebsites.net",
      "type": "string"
    }
  },
  "resources": [
    {
      "mode": "managed",
      "type": "azurerm_app_service_source_control",
      "name": "sourcecontrol",
      "provider": "provider[\"registry.terraform.io/hashicorp/azurerm\"]",
      "instances": [
        {
          "schema_version": 0,
          "attributes": {
            "app_id": "/subscriptions/4e5adcba-dc8f-4b6c-9aed-f84cd5ea2f4d/resourceGroups/kristiyanpisevurlshortenerrg/providers/Microsoft.Web/sites/kristiyanpisevurlshortener",
            "branch": "main",
            "github_action_configuration": [],
            "id": "/subscriptions/4e5adcba-dc8f-4b6c-9aed-f84cd5ea2f4d/resourceGroups/kristiyanpisevurlshortenerrg/providers/Microsoft.Web/sites/kristiyanpisevurlshortener",
            "repo_url": "https://github.com/KristiyanP-03/URLShortener",
            "rollback_enabled": false,
            "scm_type": "ExternalGit",
            "timeouts": null,
            "use_local_git": false,
            "use_manual_integration": true,
            "use_mercurial": false,
            "uses_github_action": false
          },
          "sensitive_attributes": [],
          "private": "eyJlMmJmYjczMC1lY2FhLTExZTYtOGY4OC0zNDM2M2JjN2M0YzAiOnsiY3JlYXRlIjoxODAwMDAwMDAwMDAwLCJkZWxldGUiOjE4MDAwMDAwMDAwMDAsInJlYWQiOjMwMDAwMDAwMDAwMH19",
          "dependencies": [
            "azurerm_linux_web_app.lwa",
            "azurerm_mssql_database.database",
            "azurerm_mssql_server.sqlserver",
            "azurerm_resource_group.rg",
            "azurerm_service_plan.sp"
          ]
        }
      ]
    },
    {
      "mode": "managed",
      "type": "azurerm_linux_web_app",
      "name": "lwa",
      "provider": "provider[\"registry.terraform.io/hashicorp/azurerm\"]",
      "instances": [
        {
          "schema_version": 1,
          "attributes": {
            "app_settings": null,
            "auth_settings": [],
            "auth_settings_v2": [],
            "backup": [],
            "client_affinity_enabled": false,
            "client_certificate_enabled": false,
            "client_certificate_exclusion_paths": "",
            "client_certificate_mode": "Required",
            "connection_string": [
              {
                "name": "DefaultConnection",
                "type": "SQLAzure",
                "value": "Data Source=tcp:kristiyanpisevurlhortenersqlserver.database.windows.net,1433;Initial Catalog=mydatabase;User ID=4dm1n157r470r;Password=4-v3ry-53cr37-p455w0rd;Trusted_Connection=False; MultipleActiveResultSets=True;"
              }
            ],
            "custom_domain_verification_id": "E089579EBC1E37062BEAE28159BF5A12379812C5D38409A6B56A44FAABF1BC1A",
            "default_hostname": "kristiyanpisevurlshortener.azurewebsites.net",
            "enabled": true,
            "ftp_publish_basic_authentication_enabled": true,
            "hosting_environment_id": "",
            "https_only": false,
            "id": "/subscriptions/4e5adcba-dc8f-4b6c-9aed-f84cd5ea2f4d/resourceGroups/kristiyanpisevurlshortenerrg/providers/Microsoft.Web/sites/kristiyanpisevurlshortener",
            "identity": [],
            "key_vault_reference_identity_id": "SystemAssigned",
            "kind": "app,linux",
            "location": "westeurope",
            "logs": [],
            "name": "kristiyanpisevurlshortener",
            "outbound_ip_address_list": [
              "20.238.219.159",
              "20.238.219.235",
              "20.31.145.63",
              "20.238.220.98",
              "20.238.220.123",
              "20.238.221.15",
              "20.103.134.51",
              "20.31.146.226",
              "20.31.146.232",
              "20.31.147.160",
              "20.103.129.44",
              "20.31.148.85",
              "20.105.216.35"
            ],
            "outbound_ip_addresses": "20.238.219.159,20.238.219.235,20.31.145.63,20.238.220.98,20.238.220.123,20.238.221.15,20.103.134.51,20.31.146.226,20.31.146.232,20.31.147.160,20.103.129.44,20.31.148.85,20.105.216.35",
            "possible_outbound_ip_address_list": [
              "20.238.219.159",
              "20.238.219.235",
              "20.31.145.63",
              "20.238.220.98",
              "20.238.220.123",
              "20.238.221.15",
              "20.103.134.51",
              "20.31.146.226",
              "20.31.146.232",
              "20.31.147.160",
              "20.103.129.44",
              "20.31.148.85",
              "20.238.216.116",
              "20.126.242.192",
              "20.126.244.53",
              "20.238.218.149",
              "20.238.218.205",
              "20.93.191.239",
              "20.238.219.14",
              "20.238.219.27",
              "20.238.219.33",
              "20.238.219.85",
              "20.238.219.92",
              "20.238.219.152",
              "20.238.219.159",
              "20.238.219.235",
              "20.31.145.63",
              "20.238.220.98",
              "20.238.220.123",
              "20.238.221.15",
              "20.238.221.26",
              "20.238.221.87",
              "20.238.221.122",
              "20.238.221.126",
              "20.238.221.193",
              "20.238.221.208",
              "20.105.216.35"
            ],
            "possible_outbound_ip_addresses": "20.238.219.159,20.238.219.235,20.31.145.63,20.238.220.98,20.238.220.123,20.238.221.15,20.103.134.51,20.31.146.226,20.31.146.232,20.31.147.160,20.103.129.44,20.31.148.85,20.238.216.116,20.126.242.192,20.126.244.53,20.238.218.149,20.238.218.205,20.93.191.239,20.238.219.14,20.238.219.27,20.238.219.33,20.238.219.85,20.238.219.92,20.238.219.152,20.238.219.159,20.238.219.235,20.31.145.63,20.238.220.98,20.238.220.123,20.238.221.15,20.238.221.26,20.238.221.87,20.238.221.122,20.238.221.126,20.238.221.193,20.238.221.208,20.105.216.35",
            "public_network_access_enabled": true,
            "resource_group_name": "kristiyanpisevurlshortenerrg",
            "service_plan_id": "/subscriptions/4e5adcba-dc8f-4b6c-9aed-f84cd5ea2f4d/resourceGroups/kristiyanpisevurlshortenerrg/providers/Microsoft.Web/serverFarms/kristiyanpisevurlhortenersp",
            "site_config": [
              {
                "always_on": false,
                "api_definition_url": "",
                "api_management_api_id": "",
                "app_command_line": "",
                "application_stack": [
                  {
                    "docker_image": "",
                    "docker_image_name": "",
                    "docker_image_tag": "",
                    "docker_registry_password": "",
                    "docker_registry_url": "",
                    "docker_registry_username": "",
                    "dotnet_version": "6.0",
                    "go_version": "",
                    "java_server": "",
                    "java_server_version": "",
                    "java_version": "",
                    "node_version": "",
                    "php_version": "",
                    "python_version": "",
                    "ruby_version": ""
                  }
                ],
                "auto_heal_enabled": false,
                "auto_heal_setting": [],
                "container_registry_managed_identity_client_id": "",
                "container_registry_use_managed_identity": false,
                "cors": [],
                "default_documents": [
                  "Default.htm",
                  "Default.html",
                  "Default.asp",
                  "index.htm",
                  "index.html",
                  "iisstart.htm",
                  "default.aspx",
                  "index.php",
                  "hostingstart.html"
                ],
                "detailed_error_logging_enabled": false,
                "ftps_state": "Disabled",
                "health_check_eviction_time_in_min": 0,
                "health_check_path": "",
                "http2_enabled": false,
                "ip_restriction": [],
                "linux_fx_version": "DOTNETCORE|6.0",
                "load_balancing_mode": "LeastRequests",
                "local_mysql_enabled": false,
                "managed_pipeline_mode": "Integrated",
                "minimum_tls_version": "1.2",
                "remote_debugging_enabled": false,
                "remote_debugging_version": "VS2019",
                "scm_ip_restriction": [],
                "scm_minimum_tls_version": "1.2",
                "scm_type": "None",
                "scm_use_main_ip_restriction": false,
                "use_32_bit_worker": true,
                "vnet_route_all_enabled": false,
                "websockets_enabled": false,
                "worker_count": 1
              }
            ],
            "site_credential": [
              {
                "name": "$kristiyanpisevurlshortener",
                "password": "rhdyX2jHhDguSPcYrG8pW9y4Kndwq55cNTM9jFuWSPuC0Dvho28aCrTpZLrN"
              }
            ],
            "sticky_settings": [],
            "storage_account": [],
            "tags": null,
            "timeouts": null,
            "virtual_network_subnet_id": "",
            "webdeploy_publish_basic_authentication_enabled": true,
            "zip_deploy_file": ""
          },
          "sensitive_attributes": [
            [
              {
                "type": "get_attr",
                "value": "connection_string"
              }
            ]
          ],
          "private": "eyJlMmJmYjczMC1lY2FhLTExZTYtOGY4OC0zNDM2M2JjN2M0YzAiOnsiY3JlYXRlIjoxODAwMDAwMDAwMDAwLCJkZWxldGUiOjE4MDAwMDAwMDAwMDAsInJlYWQiOjMwMDAwMDAwMDAwMCwidXBkYXRlIjoxODAwMDAwMDAwMDAwfSwic2NoZW1hX3ZlcnNpb24iOiIxIn0=",
          "dependencies": [
            "azurerm_mssql_database.database",
            "azurerm_mssql_server.sqlserver",
            "azurerm_resource_group.rg",
            "azurerm_service_plan.sp"
          ]
        }
      ]
    },
    {
      "mode": "managed",
      "type": "azurerm_mssql_database",
      "name": "database",
      "provider": "provider[\"registry.terraform.io/hashicorp/azurerm\"]",
      "instances": [
        {
          "schema_version": 1,
          "attributes": {
            "auto_pause_delay_in_minutes": 0,
            "collation": "SQL_Latin1_General_CP1_CI_AS",
            "create_mode": "Default",
            "creation_source_database_id": null,
            "elastic_pool_id": "",
            "enclave_type": "",
            "geo_backup_enabled": true,
            "id": "/subscriptions/4e5adcba-dc8f-4b6c-9aed-f84cd5ea2f4d/resourceGroups/kristiyanpisevurlshortenerrg/providers/Microsoft.Sql/servers/kristiyanpisevurlhortenersqlserver/databases/mydatabase",
            "identity": [],
            "import": [],
            "ledger_enabled": false,
            "license_type": "LicenseIncluded",
            "long_term_retention_policy": [
              {
                "immutable_backups_enabled": false,
                "monthly_retention": "PT0S",
                "week_of_year": 1,
                "weekly_retention": "PT0S",
                "yearly_retention": "PT0S"
              }
            ],
            "maintenance_configuration_name": "SQL_Default",
            "max_size_gb": 2,
            "min_capacity": 0,
            "name": "mydatabase",
            "read_replica_count": 0,
            "read_scale": false,
            "recover_database_id": null,
            "restore_dropped_database_id": null,
            "restore_point_in_time": null,
            "sample_name": null,
            "server_id": "/subscriptions/4e5adcba-dc8f-4b6c-9aed-f84cd5ea2f4d/resourceGroups/kristiyanpisevurlshortenerrg/providers/Microsoft.Sql/servers/kristiyanpisevurlhortenersqlserver",
            "short_term_retention_policy": [
              {
                "backup_interval_in_hours": 24,
                "retention_days": 7
              }
            ],
            "sku_name": "S0",
            "storage_account_type": "Geo",
            "tags": null,
            "threat_detection_policy": [
              {
                "disabled_alerts": [],
                "email_account_admins": "Disabled",
                "email_addresses": [],
                "retention_days": 0,
                "state": "Disabled",
                "storage_account_access_key": "",
                "storage_endpoint": ""
              }
            ],
            "timeouts": null,
            "transparent_data_encryption_enabled": true,
            "transparent_data_encryption_key_automatic_rotation_enabled": false,
            "transparent_data_encryption_key_vault_key_id": "",
            "zone_redundant": false
          },
          "sensitive_attributes": [],
          "private": "eyJlMmJmYjczMC1lY2FhLTExZTYtOGY4OC0zNDM2M2JjN2M0YzAiOnsiY3JlYXRlIjozNjAwMDAwMDAwMDAwLCJkZWxldGUiOjM2MDAwMDAwMDAwMDAsInJlYWQiOjMwMDAwMDAwMDAwMCwidXBkYXRlIjozNjAwMDAwMDAwMDAwfSwic2NoZW1hX3ZlcnNpb24iOiIxIn0=",
          "dependencies": [
            "azurerm_mssql_server.sqlserver",
            "azurerm_resource_group.rg"
          ]
        }
      ]
    },
    {
      "mode": "managed",
      "type": "azurerm_mssql_firewall_rule",
      "name": "fwr",
      "provider": "provider[\"registry.terraform.io/hashicorp/azurerm\"]",
      "instances": [
        {
          "schema_version": 0,
          "attributes": {
            "end_ip_address": "0.0.0.0",
            "id": "/subscriptions/4e5adcba-dc8f-4b6c-9aed-f84cd5ea2f4d/resourceGroups/kristiyanpisevurlshortenerrg/providers/Microsoft.Sql/servers/kristiyanpisevurlhortenersqlserver/firewallRules/firewall",
            "name": "firewall",
            "server_id": "/subscriptions/4e5adcba-dc8f-4b6c-9aed-f84cd5ea2f4d/resourceGroups/kristiyanpisevurlshortenerrg/providers/Microsoft.Sql/servers/kristiyanpisevurlhortenersqlserver",
            "start_ip_address": "0.0.0.0",
            "timeouts": null
          },
          "sensitive_attributes": [],
          "private": "eyJlMmJmYjczMC1lY2FhLTExZTYtOGY4OC0zNDM2M2JjN2M0YzAiOnsiY3JlYXRlIjoxODAwMDAwMDAwMDAwLCJkZWxldGUiOjE4MDAwMDAwMDAwMDAsInJlYWQiOjMwMDAwMDAwMDAwMCwidXBkYXRlIjoxODAwMDAwMDAwMDAwfX0=",
          "dependencies": [
            "azurerm_mssql_server.sqlserver",
            "azurerm_resource_group.rg"
          ]
        }
      ]
    },
    {
      "mode": "managed",
      "type": "azurerm_mssql_server",
      "name": "sqlserver",
      "provider": "provider[\"registry.terraform.io/hashicorp/azurerm\"]",
      "instances": [
        {
          "schema_version": 0,
          "attributes": {
            "administrator_login": "4dm1n157r470r",
            "administrator_login_password": "4-v3ry-53cr37-p455w0rd",
            "azuread_administrator": [],
            "connection_policy": "Default",
            "fully_qualified_domain_name": "kristiyanpisevurlhortenersqlserver.database.windows.net",
            "id": "/subscriptions/4e5adcba-dc8f-4b6c-9aed-f84cd5ea2f4d/resourceGroups/kristiyanpisevurlshortenerrg/providers/Microsoft.Sql/servers/kristiyanpisevurlhortenersqlserver",
            "identity": [],
            "location": "westeurope",
            "minimum_tls_version": "1.2",
            "name": "kristiyanpisevurlhortenersqlserver",
            "outbound_network_restriction_enabled": false,
            "primary_user_assigned_identity_id": "",
            "public_network_access_enabled": true,
            "resource_group_name": "kristiyanpisevurlshortenerrg",
            "restorable_dropped_database_ids": [],
            "tags": null,
            "timeouts": null,
            "transparent_data_encryption_key_vault_key_id": "",
            "version": "12.0"
          },
          "sensitive_attributes": [],
          "private": "eyJlMmJmYjczMC1lY2FhLTExZTYtOGY4OC0zNDM2M2JjN2M0YzAiOnsiY3JlYXRlIjozNjAwMDAwMDAwMDAwLCJkZWxldGUiOjM2MDAwMDAwMDAwMDAsInJlYWQiOjMwMDAwMDAwMDAwMCwidXBkYXRlIjozNjAwMDAwMDAwMDAwfX0=",
          "dependencies": [
            "azurerm_resource_group.rg"
          ]
        }
      ]
    },
    {
      "mode": "managed",
      "type": "azurerm_resource_group",
      "name": "rg",
      "provider": "provider[\"registry.terraform.io/hashicorp/azurerm\"]",
      "instances": [
        {
          "schema_version": 0,
          "attributes": {
            "id": "/subscriptions/4e5adcba-dc8f-4b6c-9aed-f84cd5ea2f4d/resourceGroups/kristiyanpisevurlshortenerrg",
            "location": "westeurope",
            "managed_by": "",
            "name": "kristiyanpisevurlshortenerrg",
            "tags": null,
            "timeouts": null
          },
          "sensitive_attributes": [],
          "private": "eyJlMmJmYjczMC1lY2FhLTExZTYtOGY4OC0zNDM2M2JjN2M0YzAiOnsiY3JlYXRlIjo1NDAwMDAwMDAwMDAwLCJkZWxldGUiOjU0MDAwMDAwMDAwMDAsInJlYWQiOjMwMDAwMDAwMDAwMCwidXBkYXRlIjo1NDAwMDAwMDAwMDAwfX0="
        }
      ]
    },
    {
      "mode": "managed",
      "type": "azurerm_service_plan",
      "name": "sp",
      "provider": "provider[\"registry.terraform.io/hashicorp/azurerm\"]",
      "instances": [
        {
          "schema_version": 1,
          "attributes": {
            "app_service_environment_id": "",
            "id": "/subscriptions/4e5adcba-dc8f-4b6c-9aed-f84cd5ea2f4d/resourceGroups/kristiyanpisevurlshortenerrg/providers/Microsoft.Web/serverFarms/kristiyanpisevurlhortenersp",
            "kind": "linux",
            "location": "westeurope",
            "maximum_elastic_worker_count": 1,
            "name": "kristiyanpisevurlhortenersp",
            "os_type": "Linux",
            "per_site_scaling_enabled": false,
            "reserved": true,
            "resource_group_name": "kristiyanpisevurlshortenerrg",
            "sku_name": "F1",
            "tags": null,
            "timeouts": null,
            "worker_count": 1,
            "zone_balancing_enabled": false
          },
          "sensitive_attributes": [],
          "private": "eyJlMmJmYjczMC1lY2FhLTExZTYtOGY4OC0zNDM2M2JjN2M0YzAiOnsiY3JlYXRlIjozNjAwMDAwMDAwMDAwLCJkZWxldGUiOjM2MDAwMDAwMDAwMDAsInJlYWQiOjMwMDAwMDAwMDAwMCwidXBkYXRlIjozNjAwMDAwMDAwMDAwfSwic2NoZW1hX3ZlcnNpb24iOiIxIn0=",
          "dependencies": [
            "azurerm_resource_group.rg"
          ]
        }
      ]
    }
  ],
  "check_results": null
}
